
Microsoft Visual Studio Solution File, Format Version 12.00
# Visual Studio 14
VisualStudioVersion = 14.0.23107.0
MinimumVisualStudioVersion = 10.0.40219.1
Project("{FAE04EC0-301F-11D3-BF4B-00C04F79EFBC}") = "NEMILTEC.Service.Data", "DataImporter\NEMILTEC.Service.Data.csproj", "{2AAB2978-F77A-4539-AD98-5490B61CDC77}"
EndProject
Project("{FAE04EC0-301F-11D3-BF4B-00C04F79EFBC}") = "NEMILTEC.Service.Reporting", "NEMILTEC.Phoenix.Reporting\NEMILTEC.Service.Reporting.csproj", "{96407979-D322-4B31-AECA-FE94301F6805}"
EndProject
Project("{FAE04EC0-301F-11D3-BF4B-00C04F79EFBC}") = "NEMILTEC.Shared.Classes", "NEMILTEC.Shared\NEMILTEC.Shared.Classes.csproj", "{F5447C08-B761-4937-9CE2-2E4B7A4AE7A6}"
EndProject
Project("{FAE04EC0-301F-11D3-BF4B-00C04F79EFBC}") = "NEMILTEC.Tests", "NEMILTEC.Tests\NEMILTEC.Tests.csproj", "{B61F52F7-CED4-4F61-A4E9-80EC04DC85F0}"
EndProject
Project("{FAE04EC0-301F-11D3-BF4B-00C04F79EFBC}") = "NEMILTEC.Web.App", "NEMILTEC.MVC\NEMILTEC.Web.App.csproj", "{5CEEF4A6-0C3C-429A-87C8-5C06D322371C}"
EndProject
Project("{FAE04EC0-301F-11D3-BF4B-00C04F79EFBC}") = "NEMILTEC.Interfaces.Service.Data", "NEMILTEC.Interfaces\NEMILTEC.Interfaces.Service.Data.csproj", "{4189BF7B-C459-4F6B-8965-E93F53BA9AD9}"
EndProject
Project("{FAE04EC0-301F-11D3-BF4B-00C04F79EFBC}") = "NEMILTEC.Shared.Enums", "NEMILTEC.Enums\NEMILTEC.Shared.Enums.csproj", "{B4115332-42F4-43C9-91BA-FFF3C4409BB2}"
EndProject
Project("{FAE04EC0-301F-11D3-BF4B-00C04F79EFBC}") = "NEMILTEC.Shared.Settings", "NEMILTEC.Settings\NEMILTEC.Shared.Settings.csproj", "{BE9B9BA0-A719-46FC-B660-5485639BD525}"
EndProject
Project("{FAE04EC0-301F-11D3-BF4B-00C04F79EFBC}") = "NEMILTEC.Web.Classes", "NEMILTEC.Classes\NEMILTEC.Web.Classes.csproj", "{20E9CF4E-0558-410B-9821-589A9F692C55}"
EndProject
Project("{2150E333-8FDC-42A3-9474-1A3956D46DE8}") = "Interfaces", "Interfaces", "{B0B1AAB6-CDF6-46FA-9824-A7F3B305B7A5}"
EndProject
Project("{2150E333-8FDC-42A3-9474-1A3956D46DE8}") = "Web", "Web", "{0AF7E05C-0B2E-4D95-8401-BD0E204FBD5C}"
EndProject
Project("{2150E333-8FDC-42A3-9474-1A3956D46DE8}") = "Shared", "Shared", "{43DDB1ED-BEE6-4152-9D98-67ED3C7AC219}"
EndProject
Project("{2150E333-8FDC-42A3-9474-1A3956D46DE8}") = "Service", "Service", "{C6B1DF71-EEC5-4CA6-9009-1C72A422D3CE}"
EndProject
Project("{FAE04EC0-301F-11D3-BF4B-00C04F79EFBC}") = "NEMILTEC.Interfaces.Service.Automation", "NEMILTEC.Interfaces.Automation\NEMILTEC.Interfaces.Service.Automation.csproj", "{ABC0B334-48B6-45EA-8787-D2B0C90E30F9}"
EndProject
Project("{FAE04EC0-301F-11D3-BF4B-00C04F79EFBC}") = "NEMILTEC.Interfaces.Service.Reporting", "NEMILTEC.Interfaces.Project\NEMILTEC.Interfaces.Service.Reporting.csproj", "{37BF93F7-2E96-43F0-B4AA-A0EC6ECEF7FD}"
EndProject
Project("{FAE04EC0-301F-11D3-BF4B-00C04F79EFBC}") = "NEMILTEC.Domain", "NEMILTEC.Domain\NEMILTEC.Domain.csproj", "{AF68D6E1-3E10-4CF1-A5DE-453B276BC052}"
EndProject
Project("{FAE04EC0-301F-11D3-BF4B-00C04F79EFBC}") = "NEMILTEC.Service.Shared", "NEMILTEC.Service.Shared\NEMILTEC.Service.Shared.csproj", "{4F9C3AE0-0B68-4F44-AB1D-8E3E039027B2}"
EndProject
Project("{FAE04EC0-301F-11D3-BF4B-00C04F79EFBC}") = "NEMILTEC.Interfaces.Service.Shared", "NEMILTEC.Interfaces.Service.Shared\NEMILTEC.Interfaces.Service.Shared.csproj", "{44D466A7-94A0-4B84-A571-6FB64894B60C}"
EndProject
Project("{FAE04EC0-301F-11D3-BF4B-00C04F79EFBC}") = "NEMILTEC.Interfaces.Domain", "NEMILTEC.Interfaces.Domain\NEMILTEC.Interfaces.Domain.csproj", "{98090C31-8208-46D5-9ABC-1C2AC73410AE}"
EndProject
Project("{FAE04EC0-301F-11D3-BF4B-00C04F79EFBC}") = "NEMILTEC.Service.Automation", "NEMILTEC.Actions\NEMILTEC.Service.Automation.csproj", "{95727E7C-66CE-4266-8058-682E81F923E0}"
EndProject
Global
	GlobalSection(SolutionConfigurationPlatforms) = preSolution
		Debug|Any CPU = Debug|Any CPU
		Release|Any CPU = Release|Any CPU
	EndGlobalSection
	GlobalSection(ProjectConfigurationPlatforms) = postSolution
		{2AAB2978-F77A-4539-AD98-5490B61CDC77}.Debug|Any CPU.ActiveCfg = Debug|Any CPU
		{2AAB2978-F77A-4539-AD98-5490B61CDC77}.Debug|Any CPU.Build.0 = Debug|Any CPU
		{2AAB2978-F77A-4539-AD98-5490B61CDC77}.Release|Any CPU.ActiveCfg = Release|Any CPU
		{2AAB2978-F77A-4539-AD98-5490B61CDC77}.Release|Any CPU.Build.0 = Release|Any CPU
		{96407979-D322-4B31-AECA-FE94301F6805}.Debug|Any CPU.ActiveCfg = Debug|Any CPU
		{96407979-D322-4B31-AECA-FE94301F6805}.Debug|Any CPU.Build.0 = Debug|Any CPU
		{96407979-D322-4B31-AECA-FE94301F6805}.Release|Any CPU.ActiveCfg = Release|Any CPU
		{96407979-D322-4B31-AECA-FE94301F6805}.Release|Any CPU.Build.0 = Release|Any CPU
		{F5447C08-B761-4937-9CE2-2E4B7A4AE7A6}.Debug|Any CPU.ActiveCfg = Debug|Any CPU
		{F5447C08-B761-4937-9CE2-2E4B7A4AE7A6}.Debug|Any CPU.Build.0 = Debug|Any CPU
		{F5447C08-B761-4937-9CE2-2E4B7A4AE7A6}.Release|Any CPU.ActiveCfg = Release|Any CPU
		{F5447C08-B761-4937-9CE2-2E4B7A4AE7A6}.Release|Any CPU.Build.0 = Release|Any CPU
		{B61F52F7-CED4-4F61-A4E9-80EC04DC85F0}.Debug|Any CPU.ActiveCfg = Debug|Any CPU
		{B61F52F7-CED4-4F61-A4E9-80EC04DC85F0}.Debug|Any CPU.Build.0 = Debug|Any CPU
		{B61F52F7-CED4-4F61-A4E9-80EC04DC85F0}.Release|Any CPU.ActiveCfg = Release|Any CPU
		{B61F52F7-CED4-4F61-A4E9-80EC04DC85F0}.Release|Any CPU.Build.0 = Release|Any CPU
		{5CEEF4A6-0C3C-429A-87C8-5C06D322371C}.Debug|Any CPU.ActiveCfg = Debug|Any CPU
		{5CEEF4A6-0C3C-429A-87C8-5C06D322371C}.Debug|Any CPU.Build.0 = Debug|Any CPU
		{5CEEF4A6-0C3C-429A-87C8-5C06D322371C}.Release|Any CPU.ActiveCfg = Release|Any CPU
		{5CEEF4A6-0C3C-429A-87C8-5C06D322371C}.Release|Any CPU.Build.0 = Release|Any CPU
		{4189BF7B-C459-4F6B-8965-E93F53BA9AD9}.Debug|Any CPU.ActiveCfg = Debug|Any CPU
		{4189BF7B-C459-4F6B-8965-E93F53BA9AD9}.Debug|Any CPU.Build.0 = Debug|Any CPU
		{4189BF7B-C459-4F6B-8965-E93F53BA9AD9}.Release|Any CPU.ActiveCfg = Release|Any CPU
		{4189BF7B-C459-4F6B-8965-E93F53BA9AD9}.Release|Any CPU.Build.0 = Release|Any CPU
		{B4115332-42F4-43C9-91BA-FFF3C4409BB2}.Debug|Any CPU.ActiveCfg = Debug|Any CPU
		{B4115332-42F4-43C9-91BA-FFF3C4409BB2}.Debug|Any CPU.Build.0 = Debug|Any CPU
		{B4115332-42F4-43C9-91BA-FFF3C4409BB2}.Release|Any CPU.ActiveCfg = Release|Any CPU
		{B4115332-42F4-43C9-91BA-FFF3C4409BB2}.Release|Any CPU.Build.0 = Release|Any CPU
		{BE9B9BA0-A719-46FC-B660-5485639BD525}.Debug|Any CPU.ActiveCfg = Debug|Any CPU
		{BE9B9BA0-A719-46FC-B660-5485639BD525}.Debug|Any CPU.Build.0 = Debug|Any CPU
		{BE9B9BA0-A719-46FC-B660-5485639BD525}.Release|Any CPU.ActiveCfg = Release|Any CPU
		{BE9B9BA0-A719-46FC-B660-5485639BD525}.Release|Any CPU.Build.0 = Release|Any CPU
		{20E9CF4E-0558-410B-9821-589A9F692C55}.Debug|Any CPU.ActiveCfg = Debug|Any CPU
		{20E9CF4E-0558-410B-9821-589A9F692C55}.Debug|Any CPU.Build.0 = Debug|Any CPU
		{20E9CF4E-0558-410B-9821-589A9F692C55}.Release|Any CPU.ActiveCfg = Release|Any CPU
		{20E9CF4E-0558-410B-9821-589A9F692C55}.Release|Any CPU.Build.0 = Release|Any CPU
		{ABC0B334-48B6-45EA-8787-D2B0C90E30F9}.Debug|Any CPU.ActiveCfg = Debug|Any CPU
		{ABC0B334-48B6-45EA-8787-D2B0C90E30F9}.Debug|Any CPU.Build.0 = Debug|Any CPU
		{ABC0B334-48B6-45EA-8787-D2B0C90E30F9}.Release|Any CPU.ActiveCfg = Release|Any CPU
		{ABC0B334-48B6-45EA-8787-D2B0C90E30F9}.Release|Any CPU.Build.0 = Release|Any CPU
		{37BF93F7-2E96-43F0-B4AA-A0EC6ECEF7FD}.Debug|Any CPU.ActiveCfg = Debug|Any CPU
		{37BF93F7-2E96-43F0-B4AA-A0EC6ECEF7FD}.Debug|Any CPU.Build.0 = Debug|Any CPU
		{37BF93F7-2E96-43F0-B4AA-A0EC6ECEF7FD}.Release|Any CPU.ActiveCfg = Release|Any CPU
		{37BF93F7-2E96-43F0-B4AA-A0EC6ECEF7FD}.Release|Any CPU.Build.0 = Release|Any CPU
		{AF68D6E1-3E10-4CF1-A5DE-453B276BC052}.Debug|Any CPU.ActiveCfg = Debug|Any CPU
		{AF68D6E1-3E10-4CF1-A5DE-453B276BC052}.Debug|Any CPU.Build.0 = Debug|Any CPU
		{AF68D6E1-3E10-4CF1-A5DE-453B276BC052}.Release|Any CPU.ActiveCfg = Release|Any CPU
		{AF68D6E1-3E10-4CF1-A5DE-453B276BC052}.Release|Any CPU.Build.0 = Release|Any CPU
		{4F9C3AE0-0B68-4F44-AB1D-8E3E039027B2}.Debug|Any CPU.ActiveCfg = Debug|Any CPU
		{4F9C3AE0-0B68-4F44-AB1D-8E3E039027B2}.Debug|Any CPU.Build.0 = Debug|Any CPU
		{4F9C3AE0-0B68-4F44-AB1D-8E3E039027B2}.Release|Any CPU.ActiveCfg = Release|Any CPU
		{4F9C3AE0-0B68-4F44-AB1D-8E3E039027B2}.Release|Any CPU.Build.0 = Release|Any CPU
		{44D466A7-94A0-4B84-A571-6FB64894B60C}.Debug|Any CPU.ActiveCfg = Debug|Any CPU
		{44D466A7-94A0-4B84-A571-6FB64894B60C}.Debug|Any CPU.Build.0 = Debug|Any CPU
		{44D466A7-94A0-4B84-A571-6FB64894B60C}.Release|Any CPU.ActiveCfg = Release|Any CPU
		{44D466A7-94A0-4B84-A571-6FB64894B60C}.Release|Any CPU.Build.0 = Release|Any CPU
		{98090C31-8208-46D5-9ABC-1C2AC73410AE}.Debug|Any CPU.ActiveCfg = Debug|Any CPU
		{98090C31-8208-46D5-9ABC-1C2AC73410AE}.Debug|Any CPU.Build.0 = Debug|Any CPU
		{98090C31-8208-46D5-9ABC-1C2AC73410AE}.Release|Any CPU.ActiveCfg = Release|Any CPU
		{98090C31-8208-46D5-9ABC-1C2AC73410AE}.Release|Any CPU.Build.0 = Release|Any CPU
		{95727E7C-66CE-4266-8058-682E81F923E0}.Debug|Any CPU.ActiveCfg = Debug|Any CPU
		{95727E7C-66CE-4266-8058-682E81F923E0}.Debug|Any CPU.Build.0 = Debug|Any CPU
		{95727E7C-66CE-4266-8058-682E81F923E0}.Release|Any CPU.ActiveCfg = Release|Any CPU
		{95727E7C-66CE-4266-8058-682E81F923E0}.Release|Any CPU.Build.0 = Release|Any CPU
	EndGlobalSection
	GlobalSection(SolutionProperties) = preSolution
		HideSolutionNode = FALSE
	EndGlobalSection
	GlobalSection(NestedProjects) = preSolution
		{2AAB2978-F77A-4539-AD98-5490B61CDC77} = {C6B1DF71-EEC5-4CA6-9009-1C72A422D3CE}
		{96407979-D322-4B31-AECA-FE94301F6805} = {C6B1DF71-EEC5-4CA6-9009-1C72A422D3CE}
		{F5447C08-B761-4937-9CE2-2E4B7A4AE7A6} = {43DDB1ED-BEE6-4152-9D98-67ED3C7AC219}
		{5CEEF4A6-0C3C-429A-87C8-5C06D322371C} = {0AF7E05C-0B2E-4D95-8401-BD0E204FBD5C}
		{4189BF7B-C459-4F6B-8965-E93F53BA9AD9} = {B0B1AAB6-CDF6-46FA-9824-A7F3B305B7A5}
		{B4115332-42F4-43C9-91BA-FFF3C4409BB2} = {43DDB1ED-BEE6-4152-9D98-67ED3C7AC219}
		{BE9B9BA0-A719-46FC-B660-5485639BD525} = {43DDB1ED-BEE6-4152-9D98-67ED3C7AC219}
		{20E9CF4E-0558-410B-9821-589A9F692C55} = {0AF7E05C-0B2E-4D95-8401-BD0E204FBD5C}
		{ABC0B334-48B6-45EA-8787-D2B0C90E30F9} = {B0B1AAB6-CDF6-46FA-9824-A7F3B305B7A5}
		{37BF93F7-2E96-43F0-B4AA-A0EC6ECEF7FD} = {B0B1AAB6-CDF6-46FA-9824-A7F3B305B7A5}
		{4F9C3AE0-0B68-4F44-AB1D-8E3E039027B2} = {C6B1DF71-EEC5-4CA6-9009-1C72A422D3CE}
		{44D466A7-94A0-4B84-A571-6FB64894B60C} = {B0B1AAB6-CDF6-46FA-9824-A7F3B305B7A5}
		{98090C31-8208-46D5-9ABC-1C2AC73410AE} = {B0B1AAB6-CDF6-46FA-9824-A7F3B305B7A5}
		{95727E7C-66CE-4266-8058-682E81F923E0} = {C6B1DF71-EEC5-4CA6-9009-1C72A422D3CE}
	EndGlobalSection
EndGlobal
